
Microsoft Visual Studio Solution File, Format Version 12.00
# Visual Studio 14
VisualStudioVersion = 14.0.25420.1
MinimumVisualStudioVersion = 10.0.40219.1
Project("{FAE04EC0-301F-11D3-BF4B-00C04F79EFBC}") = "APM.WebAPI", "APM.WebAPI\APM.WebAPI.csproj", "{40E5F7CE-C452-4FF7-A8DE-213CB9EF4FD0}"
EndProject
Project("{FAE04EC0-301F-11D3-BF4B-00C04F79EFBC}") = "APM.WebAPI.Tests", "APM.WebAPI.Tests\APM.WebAPI.Tests.csproj", "{8B8D018E-E68A-4B0D-95CA-E2AB8C844732}"
EndProject
Project("{E24C65DC-7377-472B-9ABA-BC803B73C61A}") = "APM.Client(1)", "APM.Client\", "{48A84956-8DEE-40FB-84A8-0EB766A5A031}"
	ProjectSection(WebsiteProperties) = preProject
		TargetFrameworkMoniker = ".NETFramework,Version%3Dv4.5.2"
		Debug.AspNetCompiler.VirtualPath = "/localhost_55030"
		Debug.AspNetCompiler.PhysicalPath = "APM.Client\"
		Debug.AspNetCompiler.TargetPath = "PrecompiledWeb\localhost_55030\"
		Debug.AspNetCompiler.Updateable = "true"
		Debug.AspNetCompiler.ForceOverwrite = "true"
		Debug.AspNetCompiler.FixedNames = "false"
		Debug.AspNetCompiler.Debug = "True"
		Release.AspNetCompiler.VirtualPath = "/localhost_55030"
		Release.AspNetCompiler.PhysicalPath = "APM.Client\"
		Release.AspNetCompiler.TargetPath = "PrecompiledWeb\localhost_55030\"
		Release.AspNetCompiler.Updateable = "true"
		Release.AspNetCompiler.ForceOverwrite = "true"
		Release.AspNetCompiler.FixedNames = "false"
		Release.AspNetCompiler.Debug = "False"
		VWDPort = "55030"
		SlnRelativePath = "APM.Client\"
	EndProjectSection
EndProject
Global
	GlobalSection(SolutionConfigurationPlatforms) = preSolution
		Debug|Any CPU = Debug|Any CPU
		Release|Any CPU = Release|Any CPU
	EndGlobalSection
	GlobalSection(ProjectConfigurationPlatforms) = postSolution
		{40E5F7CE-C452-4FF7-A8DE-213CB9EF4FD0}.Debug|Any CPU.ActiveCfg = Debug|Any CPU
		{40E5F7CE-C452-4FF7-A8DE-213CB9EF4FD0}.Debug|Any CPU.Build.0 = Debug|Any CPU
		{40E5F7CE-C452-4FF7-A8DE-213CB9EF4FD0}.Release|Any CPU.ActiveCfg = Release|Any CPU
		{40E5F7CE-C452-4FF7-A8DE-213CB9EF4FD0}.Release|Any CPU.Build.0 = Release|Any CPU
		{8B8D018E-E68A-4B0D-95CA-E2AB8C844732}.Debug|Any CPU.ActiveCfg = Debug|Any CPU
		{8B8D018E-E68A-4B0D-95CA-E2AB8C844732}.Debug|Any CPU.Build.0 = Debug|Any CPU
		{8B8D018E-E68A-4B0D-95CA-E2AB8C844732}.Release|Any CPU.ActiveCfg = Release|Any CPU
		{8B8D018E-E68A-4B0D-95CA-E2AB8C844732}.Release|Any CPU.Build.0 = Release|Any CPU
		{48A84956-8DEE-40FB-84A8-0EB766A5A031}.Debug|Any CPU.ActiveCfg = Debug|Any CPU
		{48A84956-8DEE-40FB-84A8-0EB766A5A031}.Debug|Any CPU.Build.0 = Debug|Any CPU
		{48A84956-8DEE-40FB-84A8-0EB766A5A031}.Release|Any CPU.ActiveCfg = Debug|Any CPU
		{48A84956-8DEE-40FB-84A8-0EB766A5A031}.Release|Any CPU.Build.0 = Debug|Any CPU
	EndGlobalSection
	GlobalSection(SolutionProperties) = preSolution
		HideSolutionNode = FALSE
	EndGlobalSection
EndGlobal
